
Microsoft Visual Studio Solution File, Format Version 12.00
# Visual Studio Version 17
VisualStudioVersion = 17.4.33122.133
MinimumVisualStudioVersion = 10.0.40219.1
Project("{FAE04EC0-301F-11D3-BF4B-00C04F79EFBC}") = "HttpTriggerFunction", "HttpTriggerFunction\HttpTriggerFunction.csproj", "{942DCF9F-F9B2-4B4B-A4C3-9B7AC5CB46D4}"
EndProject
Project("{FAE04EC0-301F-11D3-BF4B-00C04F79EFBC}") = "TimerTriggerFunction", "TimerTriggerFunction\TimerTriggerFunction.csproj", "{B014097F-3F8D-4EA5-9C72-84CCC820AD16}"
EndProject
Project("{FAE04EC0-301F-11D3-BF4B-00C04F79EFBC}") = "DurableFunctions", "DurableFunctions\DurableFunctions.csproj", "{C197F3EC-EEFD-462E-8100-0970371A06B4}"
EndProject
Global
	GlobalSection(SolutionConfigurationPlatforms) = preSolution
		Debug|Any CPU = Debug|Any CPU
		Release|Any CPU = Release|Any CPU
	EndGlobalSection
	GlobalSection(ProjectConfigurationPlatforms) = postSolution
		{942DCF9F-F9B2-4B4B-A4C3-9B7AC5CB46D4}.Debug|Any CPU.ActiveCfg = Debug|Any CPU
		{942DCF9F-F9B2-4B4B-A4C3-9B7AC5CB46D4}.Debug|Any CPU.Build.0 = Debug|Any CPU
		{942DCF9F-F9B2-4B4B-A4C3-9B7AC5CB46D4}.Release|Any CPU.ActiveCfg = Release|Any CPU
		{942DCF9F-F9B2-4B4B-A4C3-9B7AC5CB46D4}.Release|Any CPU.Build.0 = Release|Any CPU
		{B014097F-3F8D-4EA5-9C72-84CCC820AD16}.Debug|Any CPU.ActiveCfg = Debug|Any CPU
		{B014097F-3F8D-4EA5-9C72-84CCC820AD16}.Debug|Any CPU.Build.0 = Debug|Any CPU
		{B014097F-3F8D-4EA5-9C72-84CCC820AD16}.Release|Any CPU.ActiveCfg = Release|Any CPU
		{B014097F-3F8D-4EA5-9C72-84CCC820AD16}.Release|Any CPU.Build.0 = Release|Any CPU
		{C197F3EC-EEFD-462E-8100-0970371A06B4}.Debug|Any CPU.ActiveCfg = Debug|Any CPU
		{C197F3EC-EEFD-462E-8100-0970371A06B4}.Debug|Any CPU.Build.0 = Debug|Any CPU
		{C197F3EC-EEFD-462E-8100-0970371A06B4}.Release|Any CPU.ActiveCfg = Release|Any CPU
		{C197F3EC-EEFD-462E-8100-0970371A06B4}.Release|Any CPU.Build.0 = Release|Any CPU
	EndGlobalSection
	GlobalSection(SolutionProperties) = preSolution
		HideSolutionNode = FALSE
	EndGlobalSection
	GlobalSection(ExtensibilityGlobals) = postSolution
		SolutionGuid = {89C6F6CF-D731-46E7-8A11-94911685F24B}
	EndGlobalSection
EndGlobal
